{
  "name": "@getdinghy/components",
  "version": "0.0.6",
  "lockfileVersion": 1,
  "dependencies": {
    "asap": {
      "version": "2.0.6",
      "resolved": "https://registry.npmjs.org/asap/-/asap-2.0.6.tgz",
      "integrity": "sha1-5QNHYR1+aQlDIIu9r+vLwvuGbUY="
    },
    "base64-js": {
      "version": "1.2.1",
      "resolved": "https://registry.npmjs.org/base64-js/-/base64-js-1.2.1.tgz",
      "integrity": "sha512-dwVUVIXsBZXwTuwnXI9RK8sBmgq09NDHzyR9SAph9eqk76gKK2JSQmZARC2zRC81JC2QTtxD0ARU5qTS25gIGw=="
    },
    "bowser": {
      "version": "1.7.1",
      "resolved": "https://registry.npmjs.org/bowser/-/bowser-1.7.1.tgz",
      "integrity": "sha1-pN6PGKGg3JUx6yqSoVIftqm6lqU="
    },
    "brcast": {
      "version": "2.0.2",
      "resolved": "https://registry.npmjs.org/brcast/-/brcast-2.0.2.tgz",
      "integrity": "sha512-Tfn5JSE7hrUlFcOoaLzVvkbgIemIorMIyoMr3TgvszWW7jFt2C9PdeMLtysYD9RU0MmU17b69+XJG1eRY2OBRg=="
    },
    "buffer": {
      "version": "5.0.6",
      "resolved": "https://registry.npmjs.org/buffer/-/buffer-5.0.6.tgz",
      "integrity": "sha1-LqZp9+7Atu2gWwj4tf9mGyhXNYg="
    },
    "coolors-to-hex": {
      "version": "1.0.3",
      "resolved": "https://registry.npmjs.org/coolors-to-hex/-/coolors-to-hex-1.0.3.tgz",
      "integrity": "sha1-WUXuMugYCwKYNH7NbrALbSiALg4="
    },
    "core-js": {
      "version": "1.2.7",
      "resolved": "https://registry.npmjs.org/core-js/-/core-js-1.2.7.tgz",
      "integrity": "sha1-ZSKUwUZR2yj6k70tX/KYOk8IxjY="
    },
    "create-react-class": {
      "version": "15.6.0",
      "resolved": "https://registry.npmjs.org/create-react-class/-/create-react-class-15.6.0.tgz",
      "integrity": "sha1-q0SEl8JlZuHilBPogyB9V8/nvtQ=",
      "dev": true
    },
    "css-color-keywords": {
      "version": "1.0.0",
      "resolved": "https://registry.npmjs.org/css-color-keywords/-/css-color-keywords-1.0.0.tgz",
      "integrity": "sha1-/qJhbcZ2spYmhrOvjb2+GAskTgU="
    },
    "css-in-js-utils": {
      "version": "1.0.3",
      "resolved": "https://registry.npmjs.org/css-in-js-utils/-/css-in-js-utils-1.0.3.tgz",
      "integrity": "sha1-msfgL3Y8+F2UAXZmVl7WiltfMhU="
    },
    "css-to-react-native": {
      "version": "2.0.4",
      "resolved": "https://registry.npmjs.org/css-to-react-native/-/css-to-react-native-2.0.4.tgz",
      "integrity": "sha1-z0zEB1WLNHTUuovhos07bOcTEBs="
    },
    "encoding": {
      "version": "0.1.12",
      "resolved": "https://registry.npmjs.org/encoding/-/encoding-0.1.12.tgz",
      "integrity": "sha1-U4tm8+5izRq1HsMjgp0flIDHS+s="
    },
    "exenv": {
      "version": "1.2.0",
      "resolved": "https://registry.npmjs.org/exenv/-/exenv-1.2.0.tgz",
      "integrity": "sha1-ODXxJ6vwdb/ggtCu1EhAV8eOPIk="
    },
    "fast-memoize": {
      "version": "2.2.8",
      "resolved": "https://registry.npmjs.org/fast-memoize/-/fast-memoize-2.2.8.tgz",
      "integrity": "sha512-3ppTC3fZ9Vwtjslx8DkhSIbI9PH1nM4pobuTHQINOxTxchG8n3SDGZ8L6jbatGJCGLKR+gbkNWKFN4E1iUROSA=="
    },
    "fbjs": {
      "version": "0.8.14",
      "resolved": "https://registry.npmjs.org/fbjs/-/fbjs-0.8.14.tgz",
      "integrity": "sha1-0dviviVMNakeCfMfnNUKQLKg7Rw="
    },
    "glamor": {
      "version": "2.20.38",
      "resolved": "https://registry.npmjs.org/glamor/-/glamor-2.20.38.tgz",
      "integrity": "sha512-uF1OmtJnV7C7rVtQgkqLOa7UjeRlrxu1haMME7wkuwl4aHTTCZF5ems81soBW9kVzohgO+llO60Sz7pRAbMNmw=="
    },
    "glamorous": {
      "version": "3.25.0",
      "resolved": "https://registry.npmjs.org/glamorous/-/glamorous-3.25.0.tgz",
      "integrity": "sha512-Y2ZykdbY+w1Bz97aUdOzmLr//vV6nQmBnnBfJfXG1AYi7zbp37m7X+giBGqZiyLCA65HgQ8yH89sZyD6sGMROg=="
    },
    "has-flag": {
      "version": "1.0.0",
      "resolved": "https://registry.npmjs.org/has-flag/-/has-flag-1.0.0.tgz",
      "integrity": "sha1-nZ55MWXOAXoA8AQYxD+UKnsdEfo="
    },
    "history": {
      "version": "4.6.3",
      "resolved": "https://registry.npmjs.org/history/-/history-4.6.3.tgz",
      "integrity": "sha1-bXI6hxLFgda+836MJvSu3G64aWc="
    },
    "hoist-non-react-statics": {
      "version": "1.2.0",
      "resolved": "https://registry.npmjs.org/hoist-non-react-statics/-/hoist-non-react-statics-1.2.0.tgz",
      "integrity": "sha1-qkSM8JhtVcxAdzsXF0t90GbLfPs="
    },
    "html-element-attributes": {
      "version": "1.3.0",
      "resolved": "https://registry.npmjs.org/html-element-attributes/-/html-element-attributes-1.3.0.tgz",
      "integrity": "sha1-8G69/OIt6XnbggICZcrFQfsX1Pw="
    },
    "html-tag-names": {
      "version": "1.1.2",
      "resolved": "https://registry.npmjs.org/html-tag-names/-/html-tag-names-1.1.2.tgz",
      "integrity": "sha1-9lFolkxanIJnXv2ogoddyyqHXCI="
    },
    "hyphenate-style-name": {
      "version": "1.0.2",
      "resolved": "https://registry.npmjs.org/hyphenate-style-name/-/hyphenate-style-name-1.0.2.tgz",
      "integrity": "sha1-MRYKNpMK2vH8BMYHT360FGXU7Es="
    },
    "iconv-lite": {
      "version": "0.4.18",
      "resolved": "https://registry.npmjs.org/iconv-lite/-/iconv-lite-0.4.18.tgz",
      "integrity": "sha512-sr1ZQph3UwHTR0XftSbK85OvBbxe/abLGzEnPENCQwmHf7sck8Oyu4ob3LgBxWWxRoM+QszeUyl7jbqapu2TqA=="
    },
    "ieee754": {
      "version": "1.1.8",
      "resolved": "https://registry.npmjs.org/ieee754/-/ieee754-1.1.8.tgz",
      "integrity": "sha1-vjPUCsEO8ZJnAfbwii2G+/0a0+Q="
    },
    "inline-style-prefixer": {
      "version": "3.0.7",
      "resolved": "https://registry.npmjs.org/inline-style-prefixer/-/inline-style-prefixer-3.0.7.tgz",
      "integrity": "sha1-DMyS5ZAv5uDSjZdcQlhEP4gGFfg="
    },
    "invariant": {
      "version": "2.2.2",
      "resolved": "https://registry.npmjs.org/invariant/-/invariant-2.2.2.tgz",
      "integrity": "sha1-nh9WrArNtr8wMwbzOL47IErmA2A="
    },
    "is-function": {
      "version": "1.0.1",
      "resolved": "https://registry.npmjs.org/is-function/-/is-function-1.0.1.tgz",
      "integrity": "sha1-Es+5i2W1fdPRk6MSH19uL0N2ArU="
    },
    "is-plain-object": {
      "version": "2.0.4",
      "resolved": "https://registry.npmjs.org/is-plain-object/-/is-plain-object-2.0.4.tgz",
      "integrity": "sha512-h5PpgXkWitc38BBMYawTYMWJHFZJVnBquFE57xFpjB8pJFiF6gZ+bU+WyI/yqXiFR5mdLsgYNaPe8uao6Uv9Og=="
    },
    "is-stream": {
      "version": "1.1.0",
      "resolved": "https://registry.npmjs.org/is-stream/-/is-stream-1.1.0.tgz",
      "integrity": "sha1-EtSj3U5o4Lec6428hBc66A2RykQ="
    },
    "isarray": {
      "version": "0.0.1",
      "resolved": "https://registry.npmjs.org/isarray/-/isarray-0.0.1.tgz",
      "integrity": "sha1-ihis/Kmo9Bd+Cav8YDiTmwXR7t8="
    },
    "isobject": {
      "version": "3.0.1",
      "resolved": "https://registry.npmjs.org/isobject/-/isobject-3.0.1.tgz",
      "integrity": "sha1-TkMekrEalzFjaqH5yNHMvP2reN8="
    },
    "isomorphic-fetch": {
      "version": "2.2.1",
      "resolved": "https://registry.npmjs.org/isomorphic-fetch/-/isomorphic-fetch-2.2.1.tgz",
      "integrity": "sha1-YRrhrPFPXoH3KVB0coGf6XM1WKk="
    },
    "js-tokens": {
      "version": "3.0.2",
      "resolved": "https://registry.npmjs.org/js-tokens/-/js-tokens-3.0.2.tgz",
      "integrity": "sha1-mGbfOVECEw449/mWvOtlRDIJwls="
    },
    "lodash": {
      "version": "4.17.4",
      "resolved": "https://registry.npmjs.org/lodash/-/lodash-4.17.4.tgz",
      "integrity": "sha1-eCA6TRwyiuHYbcpkYONptX9AVa4="
    },
    "loose-envify": {
      "version": "1.3.1",
      "resolved": "https://registry.npmjs.org/loose-envify/-/loose-envify-1.3.1.tgz",
      "integrity": "sha1-0aitM/qc4OcT1l/dCsi3SNR4yEg="
    },
    "node-fetch": {
      "version": "1.7.1",
      "resolved": "https://registry.npmjs.org/node-fetch/-/node-fetch-1.7.1.tgz",
      "integrity": "sha512-j8XsFGCLw79vWXkZtMSmmLaOk9z5SQ9bV/tkbZVCqvgwzrjAGq66igobLofHtF63NvMTp2WjytpsNTGKa+XRIQ=="
    },
    "object-assign": {
      "version": "4.1.1",
      "resolved": "https://registry.npmjs.org/object-assign/-/object-assign-4.1.1.tgz",
      "integrity": "sha1-IQmtx5ZYh8/AXLvUQsrIv7s2CGM="
    },
    "path-to-regexp": {
      "version": "1.7.0",
      "resolved": "https://registry.npmjs.org/path-to-regexp/-/path-to-regexp-1.7.0.tgz",
      "integrity": "sha1-Wf3g9DW62suhA6hOnTvGTpa5k30="
    },
    "polished": {
      "version": "1.3.0",
      "resolved": "https://registry.npmjs.org/polished/-/polished-1.3.0.tgz",
      "integrity": "sha1-rg4m8Clyl2NfzXCiWkoPGUezr1Q="
    },
    "postcss-value-parser": {
      "version": "3.3.0",
      "resolved": "https://registry.npmjs.org/postcss-value-parser/-/postcss-value-parser-3.3.0.tgz",
      "integrity": "sha1-h/OPnxj3dKSrTIojL1xc6IcqnRU="
    },
    "promise": {
      "version": "7.3.1",
      "resolved": "https://registry.npmjs.org/promise/-/promise-7.3.1.tgz",
      "integrity": "sha512-nolQXZ/4L+bP/UGlkfaIujX9BKxGwmQ9OT4mOt5yvy8iK1h3wqTEJCijzGANTCCl9nWjY41juyAn2K3Q1hLLTg=="
    },
    "prop-types": {
      "version": "15.5.10",
      "resolved": "https://registry.npmjs.org/prop-types/-/prop-types-15.5.10.tgz",
      "integrity": "sha1-J5ffwxJhguOpXj37suiT3ddFYVQ="
    },
    "react": {
      "version": "15.6.1",
      "resolved": "https://registry.npmjs.org/react/-/react-15.6.1.tgz",
      "integrity": "sha1-uqhDTsZ4C96ZfNw4C3nNM7ljk98=",
      "dev": true
    },
    "react-dom": {
      "version": "15.6.1",
      "resolved": "https://registry.npmjs.org/react-dom/-/react-dom-15.6.1.tgz",
      "integrity": "sha1-LLDtQZEDjlPCCes6eaI+Kkz5lHA=",
      "dev": true
    },
    "react-dom-factories": {
      "version": "1.0.1",
      "resolved": "https://registry.npmjs.org/react-dom-factories/-/react-dom-factories-1.0.1.tgz",
      "integrity": "sha1-xQaSrF/xrbOdht/m2+NIXaz1hFU="
    },
    "react-html-attributes": {
      "version": "1.4.1",
      "resolved": "https://registry.npmjs.org/react-html-attributes/-/react-html-attributes-1.4.1.tgz",
      "integrity": "sha1-l7XscQ2miDNZjIvm+JrENiFoQKU="
    },
    "react-modal": {
      "version": "2.2.2",
      "resolved": "https://registry.npmjs.org/react-modal/-/react-modal-2.2.2.tgz",
      "integrity": "sha512-tdgyEyfbyfzDUj40XtWldAQe7e+yhJDUtVSlsQ9AQCGifzWck6v1XTtIVGViVftOsEA3cBWCZCjF3rq6FPJzMg=="
    },
    "react-router": {
      "version": "4.1.2",
      "resolved": "https://registry.npmjs.org/react-router/-/react-router-4.1.2.tgz",
      "integrity": "sha512-VyM87OP+GkijVkkOXJw39A9fKtFelLoZYYDxtELhpZefjYatxI2SUxZcImo/9Tv52rR9UnNJBPSBpVRQMdvi8A=="
    },
    "react-router-dom": {
      "version": "4.1.2",
      "resolved": "https://registry.npmjs.org/react-router-dom/-/react-router-dom-4.1.2.tgz",
      "integrity": "sha512-CU6pFlpfvIj/xi36rZAbUiN0x39241q+d5bAfJJLtlEqlM62F3zgyv5aERH9zesmKqyDBBp2kd85rkq9Mo/iNQ=="
    },
    "resolve-pathname": {
      "version": "2.1.0",
      "resolved": "https://registry.npmjs.org/resolve-pathname/-/resolve-pathname-2.1.0.tgz",
      "integrity": "sha1-6DWIAbhrg7F1YNTjw4LXrvIQCUQ="
    },
    "setimmediate": {
      "version": "1.0.5",
      "resolved": "https://registry.npmjs.org/setimmediate/-/setimmediate-1.0.5.tgz",
      "integrity": "sha1-KQy7Iy4waULX1+qbg3Mqt4VvgoU="
    },
    "styled-components": {
      "version": "2.1.1",
      "resolved": "https://registry.npmjs.org/styled-components/-/styled-components-2.1.1.tgz",
      "integrity": "sha1-fptbwxnuOWO0euu3T0ZYEZ6p1IQ="
    },
    "styled-theme": {
      "version": "0.3.3",
      "resolved": "https://registry.npmjs.org/styled-theme/-/styled-theme-0.3.3.tgz",
      "integrity": "sha1-v9hsJ1FD5YztQT3ztHBDacRCU7w="
    },
    "styled-tools": {
      "version": "0.1.4",
      "resolved": "https://registry.npmjs.org/styled-tools/-/styled-tools-0.1.4.tgz",
      "integrity": "sha1-wL2vpMJOtXxTYFTys8lzFKJYf08="
    },
    "stylis": {
      "version": "3.2.8",
      "resolved": "https://registry.npmjs.org/stylis/-/stylis-3.2.8.tgz",
      "integrity": "sha1-myOj4GWX95RKPZrogNV5Yki4eE8="
    },
    "supports-color": {
      "version": "3.2.3",
      "resolved": "https://registry.npmjs.org/supports-color/-/supports-color-3.2.3.tgz",
      "integrity": "sha1-ZawFBLOVQXHYpklGsq48u4pfVPY="
    },
    "svg-tag-names": {
      "version": "1.1.1",
      "resolved": "https://registry.npmjs.org/svg-tag-names/-/svg-tag-names-1.1.1.tgz",
      "integrity": "sha1-lkGynvcQJe4JTHBD983efZn71Qo="
    },
    "through": {
      "version": "2.3.8",
      "resolved": "https://registry.npmjs.org/through/-/through-2.3.8.tgz",
      "integrity": "sha1-DdTJ/6q8NXlgsbckEV1+Doai4fU="
    },
    "ua-parser-js": {
      "version": "0.7.14",
      "resolved": "https://registry.npmjs.org/ua-parser-js/-/ua-parser-js-0.7.14.tgz",
      "integrity": "sha1-EQ1T+kw/MmwSEpK76skE0uAzh8o="
    },
    "value-equal": {
      "version": "0.2.1",
      "resolved": "https://registry.npmjs.org/value-equal/-/value-equal-0.2.1.tgz",
      "integrity": "sha1-wiCjBDYfzmmU277ao8fhobiVhx0="
    },
    "warning": {
      "version": "3.0.0",
      "resolved": "https://registry.npmjs.org/warning/-/warning-3.0.0.tgz",
      "integrity": "sha1-MuU3fLVy3kqwR1O9+IIcAe1gW3w="
    },
    "whatwg-fetch": {
      "version": "2.0.3",
      "resolved": "https://registry.npmjs.org/whatwg-fetch/-/whatwg-fetch-2.0.3.tgz",
      "integrity": "sha1-nITsLc9oGH/wC8ZOEnS0QhduHIQ="
    }
  }
}
